
Microsoft Visual Studio Solution File, Format Version 12.00
# Visual Studio Version 17
VisualStudioVersion = 17.8.34309.116
MinimumVisualStudioVersion = 10.0.40219.1
Project("{9A19103F-16F7-4668-BE54-9A1E7A4F7556}") = "ZELLE04", "ZELLE04.csproj", "{AC3763DA-DB4F-40AE-A346-0D755E0B37C4}"
EndProject
Global
	GlobalSection(SolutionConfigurationPlatforms) = preSolution
		Debug|Any CPU = Debug|Any CPU
		Release|Any CPU = Release|Any CPU
	EndGlobalSection
	GlobalSection(ProjectConfigurationPlatforms) = postSolution
		{AC3763DA-DB4F-40AE-A346-0D755E0B37C4}.Debug|Any CPU.ActiveCfg = Debug|Any CPU
		{AC3763DA-DB4F-40AE-A346-0D755E0B37C4}.Debug|Any CPU.Build.0 = Debug|Any CPU
		{AC3763DA-DB4F-40AE-A346-0D755E0B37C4}.Release|Any CPU.ActiveCfg = Release|Any CPU
		{AC3763DA-DB4F-40AE-A346-0D755E0B37C4}.Release|Any CPU.Build.0 = Release|Any CPU
	EndGlobalSection
	GlobalSection(SolutionProperties) = preSolution
		HideSolutionNode = FALSE
	EndGlobalSection
	GlobalSection(ExtensibilityGlobals) = postSolution
		SolutionGuid = {4846D89B-D605-4194-9154-4859FEDDE7FA}
	EndGlobalSection
EndGlobal
